
Microsoft Visual Studio Solution File, Format Version 12.00
# Visual Studio 15
VisualStudioVersion = 15.0.28307.106
MinimumVisualStudioVersion = 10.0.40219.1
Project("{FAE04EC0-301F-11D3-BF4B-00C04F79EFBC}") = "Bird Hunt", "Bird Hunt.csproj", "{FACA84CA-DD50-4D8C-B137-CEB9CC72719A}"
EndProject
Global
	GlobalSection(SolutionConfigurationPlatforms) = preSolution
		Debug|Any CPU = Debug|Any CPU
		Release|Any CPU = Release|Any CPU
	EndGlobalSection
	GlobalSection(ProjectConfigurationPlatforms) = postSolution
		{FACA84CA-DD50-4D8C-B137-CEB9CC72719A}.Debug|Any CPU.ActiveCfg = Debug|Any CPU
		{FACA84CA-DD50-4D8C-B137-CEB9CC72719A}.Debug|Any CPU.Build.0 = Debug|Any CPU
		{FACA84CA-DD50-4D8C-B137-CEB9CC72719A}.Release|Any CPU.ActiveCfg = Release|Any CPU
		{FACA84CA-DD50-4D8C-B137-CEB9CC72719A}.Release|Any CPU.Build.0 = Release|Any CPU
	EndGlobalSection
	GlobalSection(SolutionProperties) = preSolution
		HideSolutionNode = FALSE
	EndGlobalSection
	GlobalSection(ExtensibilityGlobals) = postSolution
		SolutionGuid = {6568EA63-6257-49C2-9778-F6D9EA01979C}
	EndGlobalSection
EndGlobal
